
Microsoft Visual Studio Solution File, Format Version 12.00
# Visual Studio 15
VisualStudioVersion = 15.0.28307.2017
MinimumVisualStudioVersion = 10.0.40219.1
Project("{FAE04EC0-301F-11D3-BF4B-00C04F79EFBC}") = "Entities", "Entities\Entities.csproj", "{AB850B91-0A20-4FD7-A6D6-C3CDB42102A7}"
EndProject
Project("{FAE04EC0-301F-11D3-BF4B-00C04F79EFBC}") = "DataAccess", "DataAccess\DataAccess.csproj", "{59454EA7-8002-4AFA-AFE3-E859BA826D4B}"
EndProject
Project("{FAE04EC0-301F-11D3-BF4B-00C04F79EFBC}") = "Business", "Business\Business.csproj", "{19AA622D-B05B-4B8E-AAA9-819686A7C942}"
EndProject
Project("{FAE04EC0-301F-11D3-BF4B-00C04F79EFBC}") = "ConsoleUI", "ConsoleUI\ConsoleUI.csproj", "{CA5E6D9D-E88A-443F-9149-F790BF44C380}"
EndProject
Global
	GlobalSection(SolutionConfigurationPlatforms) = preSolution
		Debug|Any CPU = Debug|Any CPU
		Release|Any CPU = Release|Any CPU
	EndGlobalSection
	GlobalSection(ProjectConfigurationPlatforms) = postSolution
		{AB850B91-0A20-4FD7-A6D6-C3CDB42102A7}.Debug|Any CPU.ActiveCfg = Debug|Any CPU
		{AB850B91-0A20-4FD7-A6D6-C3CDB42102A7}.Debug|Any CPU.Build.0 = Debug|Any CPU
		{AB850B91-0A20-4FD7-A6D6-C3CDB42102A7}.Release|Any CPU.ActiveCfg = Release|Any CPU
		{AB850B91-0A20-4FD7-A6D6-C3CDB42102A7}.Release|Any CPU.Build.0 = Release|Any CPU
		{59454EA7-8002-4AFA-AFE3-E859BA826D4B}.Debug|Any CPU.ActiveCfg = Debug|Any CPU
		{59454EA7-8002-4AFA-AFE3-E859BA826D4B}.Debug|Any CPU.Build.0 = Debug|Any CPU
		{59454EA7-8002-4AFA-AFE3-E859BA826D4B}.Release|Any CPU.ActiveCfg = Release|Any CPU
		{59454EA7-8002-4AFA-AFE3-E859BA826D4B}.Release|Any CPU.Build.0 = Release|Any CPU
		{19AA622D-B05B-4B8E-AAA9-819686A7C942}.Debug|Any CPU.ActiveCfg = Debug|Any CPU
		{19AA622D-B05B-4B8E-AAA9-819686A7C942}.Debug|Any CPU.Build.0 = Debug|Any CPU
		{19AA622D-B05B-4B8E-AAA9-819686A7C942}.Release|Any CPU.ActiveCfg = Release|Any CPU
		{19AA622D-B05B-4B8E-AAA9-819686A7C942}.Release|Any CPU.Build.0 = Release|Any CPU
		{CA5E6D9D-E88A-443F-9149-F790BF44C380}.Debug|Any CPU.ActiveCfg = Debug|Any CPU
		{CA5E6D9D-E88A-443F-9149-F790BF44C380}.Debug|Any CPU.Build.0 = Debug|Any CPU
		{CA5E6D9D-E88A-443F-9149-F790BF44C380}.Release|Any CPU.ActiveCfg = Release|Any CPU
		{CA5E6D9D-E88A-443F-9149-F790BF44C380}.Release|Any CPU.Build.0 = Release|Any CPU
	EndGlobalSection
	GlobalSection(SolutionProperties) = preSolution
		HideSolutionNode = FALSE
	EndGlobalSection
	GlobalSection(ExtensibilityGlobals) = postSolution
		SolutionGuid = {B3B449A9-B93E-4470-B8E0-3218C3FDBBBE}
	EndGlobalSection
EndGlobal
